
Microsoft Visual Studio Solution File, Format Version 12.00
# Visual Studio 15
Project("{FAE04EC0-301F-11D3-BF4B-00C04F79EFBC}") = "Assembly-CSharp-firstpass", "Assembly-CSharp-firstpass.csproj", "{C3D2E737-2C5D-EC34-4990-BD0A6D2BAE4A}"
EndProject
Project("{FAE04EC0-301F-11D3-BF4B-00C04F79EFBC}") = "UnityWebSocket.Runtime", "UnityWebSocket.Runtime.csproj", "{949A216E-5DBF-4E23-203C-94CD55330634}"
EndProject
Project("{FAE04EC0-301F-11D3-BF4B-00C04F79EFBC}") = "Assembly-CSharp", "Assembly-CSharp.csproj", "{D498D267-6AC3-7BA9-CB9E-99F6C7BABAFC}"
EndProject
Project("{FAE04EC0-301F-11D3-BF4B-00C04F79EFBC}") = "UnityWebSocket.Editor", "UnityWebSocket.Editor.csproj", "{585B32B0-AF0A-D157-7218-A4CE417F8122}"
EndProject
Global
	GlobalSection(SolutionConfigurationPlatforms) = preSolution
		Debug|Any CPU = Debug|Any CPU
		Release|Any CPU = Release|Any CPU
	EndGlobalSection
	GlobalSection(ProjectConfigurationPlatforms) = postSolution
		{C3D2E737-2C5D-EC34-4990-BD0A6D2BAE4A}.Debug|Any CPU.ActiveCfg = Debug|Any CPU
		{C3D2E737-2C5D-EC34-4990-BD0A6D2BAE4A}.Debug|Any CPU.Build.0 = Debug|Any CPU
		{C3D2E737-2C5D-EC34-4990-BD0A6D2BAE4A}.Release|Any CPU.ActiveCfg = Release|Any CPU
		{C3D2E737-2C5D-EC34-4990-BD0A6D2BAE4A}.Release|Any CPU.Build.0 = Release|Any CPU
		{949A216E-5DBF-4E23-203C-94CD55330634}.Debug|Any CPU.ActiveCfg = Debug|Any CPU
		{949A216E-5DBF-4E23-203C-94CD55330634}.Debug|Any CPU.Build.0 = Debug|Any CPU
		{949A216E-5DBF-4E23-203C-94CD55330634}.Release|Any CPU.ActiveCfg = Release|Any CPU
		{949A216E-5DBF-4E23-203C-94CD55330634}.Release|Any CPU.Build.0 = Release|Any CPU
		{D498D267-6AC3-7BA9-CB9E-99F6C7BABAFC}.Debug|Any CPU.ActiveCfg = Debug|Any CPU
		{D498D267-6AC3-7BA9-CB9E-99F6C7BABAFC}.Debug|Any CPU.Build.0 = Debug|Any CPU
		{D498D267-6AC3-7BA9-CB9E-99F6C7BABAFC}.Release|Any CPU.ActiveCfg = Release|Any CPU
		{D498D267-6AC3-7BA9-CB9E-99F6C7BABAFC}.Release|Any CPU.Build.0 = Release|Any CPU
		{585B32B0-AF0A-D157-7218-A4CE417F8122}.Debug|Any CPU.ActiveCfg = Debug|Any CPU
		{585B32B0-AF0A-D157-7218-A4CE417F8122}.Debug|Any CPU.Build.0 = Debug|Any CPU
		{585B32B0-AF0A-D157-7218-A4CE417F8122}.Release|Any CPU.ActiveCfg = Release|Any CPU
		{585B32B0-AF0A-D157-7218-A4CE417F8122}.Release|Any CPU.Build.0 = Release|Any CPU
	EndGlobalSection
	GlobalSection(SolutionProperties) = preSolution
		HideSolutionNode = FALSE
	EndGlobalSection
EndGlobal
